{
  "requires": true,
  "lockfileVersion": 1,
  "dependencies": {
    "calculate-percentages": {
      "version": "1.0.0",
      "resolved": "https://registry.npmjs.org/calculate-percentages/-/calculate-percentages-1.0.0.tgz",
      "integrity": "sha512-L51OPTduG7Jz5OBS5lbS1IzYtrWTUIE7ZQtKKp4Ef+zULJGbQL75sHl6KmM3AslIUNMHmmG5hSk2kEvca9OkXg=="
    }
  }
}
