{
  "requires": true,
  "lockfileVersion": 1,
  "dependencies": {
    "dlvrry-common": {
      "version": "0.0.6",
      "resolved": "https://registry.npmjs.org/dlvrry-common/-/dlvrry-common-0.0.6.tgz",
      "integrity": "sha512-RFC7jF7pVJZYVXXsvyK8gBeBwqdI0a+fwx8rZ5NyZuRi3FiooVW6ghWx2Q6YwX3igQPA3VhWVal5SFIw00gGIw=="
    }
  }
}
